
Microsoft Visual Studio Solution File, Format Version 12.00
# Visual Studio 15
VisualStudioVersion = 15.0.28307.1300
MinimumVisualStudioVersion = 10.0.40219.1
Project("{FAE04EC0-301F-11D3-BF4B-00C04F79EFBC}") = "ChessBoardConsoleApp", "ChessBoardConsoleApp\ChessBoardConsoleApp.csproj", "{4CA87ADD-4208-4E48-BAF3-9801DD7E3322}"
EndProject
Project("{FAE04EC0-301F-11D3-BF4B-00C04F79EFBC}") = "ChessBoardModel", "ClassLibrary1\ChessBoardModel.csproj", "{589B0DFF-EA33-456F-8315-F7AF31EC492B}"
EndProject
Global
	GlobalSection(SolutionConfigurationPlatforms) = preSolution
		Debug|Any CPU = Debug|Any CPU
		Release|Any CPU = Release|Any CPU
	EndGlobalSection
	GlobalSection(ProjectConfigurationPlatforms) = postSolution
		{4CA87ADD-4208-4E48-BAF3-9801DD7E3322}.Debug|Any CPU.ActiveCfg = Debug|Any CPU
		{4CA87ADD-4208-4E48-BAF3-9801DD7E3322}.Debug|Any CPU.Build.0 = Debug|Any CPU
		{4CA87ADD-4208-4E48-BAF3-9801DD7E3322}.Release|Any CPU.ActiveCfg = Release|Any CPU
		{4CA87ADD-4208-4E48-BAF3-9801DD7E3322}.Release|Any CPU.Build.0 = Release|Any CPU
		{589B0DFF-EA33-456F-8315-F7AF31EC492B}.Debug|Any CPU.ActiveCfg = Debug|Any CPU
		{589B0DFF-EA33-456F-8315-F7AF31EC492B}.Debug|Any CPU.Build.0 = Debug|Any CPU
		{589B0DFF-EA33-456F-8315-F7AF31EC492B}.Release|Any CPU.ActiveCfg = Release|Any CPU
		{589B0DFF-EA33-456F-8315-F7AF31EC492B}.Release|Any CPU.Build.0 = Release|Any CPU
	EndGlobalSection
	GlobalSection(SolutionProperties) = preSolution
		HideSolutionNode = FALSE
	EndGlobalSection
	GlobalSection(ExtensibilityGlobals) = postSolution
		SolutionGuid = {73BC164F-95AC-4AB2-9513-99F3D6E9A7C0}
	EndGlobalSection
EndGlobal
